// !$*UTF8*$!
{
	archiveVersion = 1;
	classes = {
	};
	objectVersion = 51;
	objects = {

/* Begin PBXBuildFile section */
		6D51EA82242073D400A233E0 /* AppDelegate.m in Sources */ = {isa = PBXBuildFile; fileRef = 6D51EA81242073D400A233E0 /* AppDelegate.m */; };
		6D51EA8D242073D900A233E0 /* Assets.xcassets in Resources */ = {isa = PBXBuildFile; fileRef = 6D51EA8C242073D900A233E0 /* Assets.xcassets */; };
		6D51EA90242073D900A233E0 /* LaunchScreen.storyboard in Resources */ = {isa = PBXBuildFile; fileRef = 6D51EA8E242073D900A233E0 /* LaunchScreen.storyboard */; };
		6D51EA93242073D900A233E0 /* main.m in Sources */ = {isa = PBXBuildFile; fileRef = 6D51EA92242073D900A233E0 /* main.m */; };
		6D51EAAF2421AD7F00A233E0 /* TLBusLineModel.m in Sources */ = {isa = PBXBuildFile; fileRef = 6D51EAAD2421AD7F00A233E0 /* TLBusLineModel.m */; };
		6D51EAB22421AD9300A233E0 /* LTBusHomeVM.m in Sources */ = {isa = PBXBuildFile; fileRef = 6D51EAB12421AD9300A233E0 /* LTBusHomeVM.m */; };
		8980D2A624210D8A00C74FB8 /* API.md in Resources */ = {isa = PBXBuildFile; fileRef = 8980D2A524210D8A00C74FB8 /* API.md */; };
		8980D2A924210F8500C74FB8 /* TLBusHomeVC.m in Sources */ = {isa = PBXBuildFile; fileRef = 8980D2A824210F8500C74FB8 /* TLBusHomeVC.m */; };
		8980D2B0242110D800C74FB8 /* TLBusHomeHeader.m in Sources */ = {isa = PBXBuildFile; fileRef = 8980D2AF242110D800C74FB8 /* TLBusHomeHeader.m */; };
		8980D2BA24211A1E00C74FB8 /* TLBusHomeHeaderItem.m in Sources */ = {isa = PBXBuildFile; fileRef = 8980D2B924211A1E00C74FB8 /* TLBusHomeHeaderItem.m */; };
		898C851124AC613D00F0706E /* KVCTestObject1.m in Sources */ = {isa = PBXBuildFile; fileRef = 898C851024AC613D00F0706E /* KVCTestObject1.m */; };
		898C851824ACB2AC00F0706E /* JsonModelObj1.m in Sources */ = {isa = PBXBuildFile; fileRef = 898C851724ACB2AC00F0706E /* JsonModelObj1.m */; };
		8993A5832425F0AF0053F89C /* UIView+Ges.m in Sources */ = {isa = PBXBuildFile; fileRef = 8993A5822425F0AF0053F89C /* UIView+Ges.m */; };
		8993A5862425F2D80053F89C /* UIGestureRecognizer+BlocksKit.m in Sources */ = {isa = PBXBuildFile; fileRef = 8993A5852425F2D80053F89C /* UIGestureRecognizer+BlocksKit.m */; };
		8993A5892425F2E10053F89C /* UIView+BlocksKit.m in Sources */ = {isa = PBXBuildFile; fileRef = 8993A5872425F2E10053F89C /* UIView+BlocksKit.m */; };
		8993A58C2425F2EA0053F89C /* UIControl+BlocksKit.m in Sources */ = {isa = PBXBuildFile; fileRef = 8993A58A2425F2EA0053F89C /* UIControl+BlocksKit.m */; };
		8993A590242603E10053F89C /* TLBaseVC.m in Sources */ = {isa = PBXBuildFile; fileRef = 8993A58F242603E10053F89C /* TLBaseVC.m */; };
		8993A5A224285C240053F89C /* UIView+Associate.m in Sources */ = {isa = PBXBuildFile; fileRef = 8993A5A124285C240053F89C /* UIView+Associate.m */; };
		8996A23524CAC920009D13D3 /* OCCopyTest.m in Sources */ = {isa = PBXBuildFile; fileRef = 8996A23424CAC920009D13D3 /* OCCopyTest.m */; };
		89D0580924AD8AC000464F11 /* MJExtensionObj1.m in Sources */ = {isa = PBXBuildFile; fileRef = 89D0580824AD8AC000464F11 /* MJExtensionObj1.m */; };
		A29BD8639AECC6B2C5628BA5 /* libPods-RacTest_OC.a in Frameworks */ = {isa = PBXBuildFile; fileRef = 7DDDEB948B8C2570FE1B8FF0 /* libPods-RacTest_OC.a */; };
/* End PBXBuildFile section */

/* Begin PBXFileReference section */
		6D51EA7D242073D400A233E0 /* RacTest_OC.app */ = {isa = PBXFileReference; explicitFileType = wrapper.application; includeInIndex = 0; path = RacTest_OC.app; sourceTree = BUILT_PRODUCTS_DIR; };
		6D51EA80242073D400A233E0 /* AppDelegate.h */ = {isa = PBXFileReference; lastKnownFileType = sourcecode.c.h; path = AppDelegate.h; sourceTree = "<group>"; };
		6D51EA81242073D400A233E0 /* AppDelegate.m */ = {isa = PBXFileReference; lastKnownFileType = sourcecode.c.objc; path = AppDelegate.m; sourceTree = "<group>"; };
		6D51EA8C242073D900A233E0 /* Assets.xcassets */ = {isa = PBXFileReference; lastKnownFileType = folder.assetcatalog; path = Assets.xcassets; sourceTree = "<group>"; };
		6D51EA8F242073D900A233E0 /* Base */ = {isa = PBXFileReference; lastKnownFileType = file.storyboard; name = Base; path = Base.lproj/LaunchScreen.storyboard; sourceTree = "<group>"; };
		6D51EA91242073D900A233E0 /* Info.plist */ = {isa = PBXFileReference; lastKnownFileType = text.plist.xml; path = Info.plist; sourceTree = "<group>"; };
		6D51EA92242073D900A233E0 /* main.m */ = {isa = PBXFileReference; lastKnownFileType = sourcecode.c.objc; path = main.m; sourceTree = "<group>"; };
		6D51EAAD2421AD7F00A233E0 /* TLBusLineModel.m */ = {isa = PBXFileReference; fileEncoding = 4; lastKnownFileType = sourcecode.c.objc; path = TLBusLineModel.m; sourceTree = "<group>"; };
		6D51EAAE2421AD7F00A233E0 /* TLBusLineModel.h */ = {isa = PBXFileReference; fileEncoding = 4; lastKnownFileType = sourcecode.c.h; path = TLBusLineModel.h; sourceTree = "<group>"; };
		6D51EAB02421AD9300A233E0 /* LTBusHomeVM.h */ = {isa = PBXFileReference; lastKnownFileType = sourcecode.c.h; path = LTBusHomeVM.h; sourceTree = "<group>"; };
		6D51EAB12421AD9300A233E0 /* LTBusHomeVM.m */ = {isa = PBXFileReference; lastKnownFileType = sourcecode.c.objc; path = LTBusHomeVM.m; sourceTree = "<group>"; };
		7DDDEB948B8C2570FE1B8FF0 /* libPods-RacTest_OC.a */ = {isa = PBXFileReference; explicitFileType = archive.ar; includeInIndex = 0; path = "libPods-RacTest_OC.a"; sourceTree = BUILT_PRODUCTS_DIR; };
		8980D2A524210D8A00C74FB8 /* API.md */ = {isa = PBXFileReference; lastKnownFileType = net.daringfireball.markdown; path = API.md; sourceTree = "<group>"; };
		8980D2A724210F8500C74FB8 /* TLBusHomeVC.h */ = {isa = PBXFileReference; lastKnownFileType = sourcecode.c.h; path = TLBusHomeVC.h; sourceTree = "<group>"; };
		8980D2A824210F8500C74FB8 /* TLBusHomeVC.m */ = {isa = PBXFileReference; lastKnownFileType = sourcecode.c.objc; path = TLBusHomeVC.m; sourceTree = "<group>"; };
		8980D2AE242110D800C74FB8 /* TLBusHomeHeader.h */ = {isa = PBXFileReference; lastKnownFileType = sourcecode.c.h; path = TLBusHomeHeader.h; sourceTree = "<group>"; };
		8980D2AF242110D800C74FB8 /* TLBusHomeHeader.m */ = {isa = PBXFileReference; lastKnownFileType = sourcecode.c.objc; path = TLBusHomeHeader.m; sourceTree = "<group>"; };
		8980D2B7242115CB00C74FB8 /* PrefixHeader.pch */ = {isa = PBXFileReference; lastKnownFileType = sourcecode.c.h; path = PrefixHeader.pch; sourceTree = "<group>"; };
		8980D2B824211A1E00C74FB8 /* TLBusHomeHeaderItem.h */ = {isa = PBXFileReference; lastKnownFileType = sourcecode.c.h; path = TLBusHomeHeaderItem.h; sourceTree = "<group>"; };
		8980D2B924211A1E00C74FB8 /* TLBusHomeHeaderItem.m */ = {isa = PBXFileReference; lastKnownFileType = sourcecode.c.objc; path = TLBusHomeHeaderItem.m; sourceTree = "<group>"; };
		898C850F24AC613D00F0706E /* KVCTestObject1.h */ = {isa = PBXFileReference; lastKnownFileType = sourcecode.c.h; path = KVCTestObject1.h; sourceTree = "<group>"; };
		898C851024AC613D00F0706E /* KVCTestObject1.m */ = {isa = PBXFileReference; lastKnownFileType = sourcecode.c.objc; path = KVCTestObject1.m; sourceTree = "<group>"; };
		898C851624ACB2AC00F0706E /* JsonModelObj1.h */ = {isa = PBXFileReference; lastKnownFileType = sourcecode.c.h; path = JsonModelObj1.h; sourceTree = "<group>"; };
		898C851724ACB2AC00F0706E /* JsonModelObj1.m */ = {isa = PBXFileReference; lastKnownFileType = sourcecode.c.objc; path = JsonModelObj1.m; sourceTree = "<group>"; };
		8993A5812425F0AF0053F89C /* UIView+Ges.h */ = {isa = PBXFileReference; lastKnownFileType = sourcecode.c.h; path = "UIView+Ges.h"; sourceTree = "<group>"; };
		8993A5822425F0AF0053F89C /* UIView+Ges.m */ = {isa = PBXFileReference; lastKnownFileType = sourcecode.c.objc; path = "UIView+Ges.m"; sourceTree = "<group>"; };
		8993A5842425F2D80053F89C /* UIGestureRecognizer+BlocksKit.h */ = {isa = PBXFileReference; fileEncoding = 4; lastKnownFileType = sourcecode.c.h; path = "UIGestureRecognizer+BlocksKit.h"; sourceTree = "<group>"; };
		8993A5852425F2D80053F89C /* UIGestureRecognizer+BlocksKit.m */ = {isa = PBXFileReference; fileEncoding = 4; lastKnownFileType = sourcecode.c.objc; path = "UIGestureRecognizer+BlocksKit.m"; sourceTree = "<group>"; };
		8993A5872425F2E10053F89C /* UIView+BlocksKit.m */ = {isa = PBXFileReference; fileEncoding = 4; lastKnownFileType = sourcecode.c.objc; path = "UIView+BlocksKit.m"; sourceTree = "<group>"; };
		8993A5882425F2E10053F89C /* UIView+BlocksKit.h */ = {isa = PBXFileReference; fileEncoding = 4; lastKnownFileType = sourcecode.c.h; path = "UIView+BlocksKit.h"; sourceTree = "<group>"; };
		8993A58A2425F2EA0053F89C /* UIControl+BlocksKit.m */ = {isa = PBXFileReference; fileEncoding = 4; lastKnownFileType = sourcecode.c.objc; path = "UIControl+BlocksKit.m"; sourceTree = "<group>"; };
		8993A58B2425F2EA0053F89C /* UIControl+BlocksKit.h */ = {isa = PBXFileReference; fileEncoding = 4; lastKnownFileType = sourcecode.c.h; path = "UIControl+BlocksKit.h"; sourceTree = "<group>"; };
		8993A58E242603E10053F89C /* TLBaseVC.h */ = {isa = PBXFileReference; lastKnownFileType = sourcecode.c.h; path = TLBaseVC.h; sourceTree = "<group>"; };
		8993A58F242603E10053F89C /* TLBaseVC.m */ = {isa = PBXFileReference; lastKnownFileType = sourcecode.c.objc; path = TLBaseVC.m; sourceTree = "<group>"; };
		8993A5A024285C240053F89C /* UIView+Associate.h */ = {isa = PBXFileReference; lastKnownFileType = sourcecode.c.h; path = "UIView+Associate.h"; sourceTree = "<group>"; };
		8993A5A124285C240053F89C /* UIView+Associate.m */ = {isa = PBXFileReference; lastKnownFileType = sourcecode.c.objc; path = "UIView+Associate.m"; sourceTree = "<group>"; };
		8996A23324CAC920009D13D3 /* OCCopyTest.h */ = {isa = PBXFileReference; lastKnownFileType = sourcecode.c.h; path = OCCopyTest.h; sourceTree = "<group>"; };
		8996A23424CAC920009D13D3 /* OCCopyTest.m */ = {isa = PBXFileReference; lastKnownFileType = sourcecode.c.objc; path = OCCopyTest.m; sourceTree = "<group>"; };
		89D0580724AD8AC000464F11 /* MJExtensionObj1.h */ = {isa = PBXFileReference; lastKnownFileType = sourcecode.c.h; path = MJExtensionObj1.h; sourceTree = "<group>"; };
		89D0580824AD8AC000464F11 /* MJExtensionObj1.m */ = {isa = PBXFileReference; lastKnownFileType = sourcecode.c.objc; path = MJExtensionObj1.m; sourceTree = "<group>"; };
		A6A33C69A95972FC23804455 /* Pods-RacTest_OC.release.xcconfig */ = {isa = PBXFileReference; includeInIndex = 1; lastKnownFileType = text.xcconfig; name = "Pods-RacTest_OC.release.xcconfig"; path = "Target Support Files/Pods-RacTest_OC/Pods-RacTest_OC.release.xcconfig"; sourceTree = "<group>"; };
		F67A634A227F7CA088AA2560 /* Pods-RacTest_OC.debug.xcconfig */ = {isa = PBXFileReference; includeInIndex = 1; lastKnownFileType = text.xcconfig; name = "Pods-RacTest_OC.debug.xcconfig"; path = "Target Support Files/Pods-RacTest_OC/Pods-RacTest_OC.debug.xcconfig"; sourceTree = "<group>"; };
/* End PBXFileReference section */

/* Begin PBXFrameworksBuildPhase section */
		6D51EA7A242073D400A233E0 /* Frameworks */ = {
			isa = PBXFrameworksBuildPhase;
			buildActionMask = 2147483647;
			files = (
				A29BD8639AECC6B2C5628BA5 /* libPods-RacTest_OC.a in Frameworks */,
			);
			runOnlyForDeploymentPostprocessing = 0;
		};
/* End PBXFrameworksBuildPhase section */

/* Begin PBXGroup section */
		6D51EA74242073D400A233E0 = {
			isa = PBXGroup;
			children = (
				8980D2B7242115CB00C74FB8 /* PrefixHeader.pch */,
				6D51EA7F242073D400A233E0 /* RacTest_OC */,
				6D51EA7E242073D400A233E0 /* Products */,
				AE02D2BE6B58265AD4399AA8 /* Pods */,
				C6D60A9064DCEB77CC04D437 /* Frameworks */,
			);
			sourceTree = "<group>";
		};
		6D51EA7E242073D400A233E0 /* Products */ = {
			isa = PBXGroup;
			children = (
				6D51EA7D242073D400A233E0 /* RacTest_OC.app */,
			);
			name = Products;
			sourceTree = "<group>";
		};
		6D51EA7F242073D400A233E0 /* RacTest_OC */ = {
			isa = PBXGroup;
			children = (
				8996A23224CAC8E7009D13D3 /* OCBaseTest */,
				89D0580624AD8A7600464F11 /* MJExtension */,
				898C851524ACB29000F0706E /* JSONModelTest */,
				898C850E24AB2D4900F0706E /* KVCTest */,
				898C850D24AB2D4400F0706E /* KVOTest */,
				892F54B9248E05DD008A1928 /* Test */,
				6D51EA992421A62E00A233E0 /* Common */,
				8980D2942421041300C74FB8 /* Module */,
				6D51EA80242073D400A233E0 /* AppDelegate.h */,
				6D51EA81242073D400A233E0 /* AppDelegate.m */,
				6D51EA8C242073D900A233E0 /* Assets.xcassets */,
				6D51EA8E242073D900A233E0 /* LaunchScreen.storyboard */,
				6D51EA91242073D900A233E0 /* Info.plist */,
				6D51EA92242073D900A233E0 /* main.m */,
				8980D2A524210D8A00C74FB8 /* API.md */,
			);
			path = RacTest_OC;
			sourceTree = "<group>";
		};
		6D51EA992421A62E00A233E0 /* Common */ = {
			isa = PBXGroup;
			children = (
				8993A5A32428673B0053F89C /* BlocksKit */,
				8993A58B2425F2EA0053F89C /* UIControl+BlocksKit.h */,
				8993A58A2425F2EA0053F89C /* UIControl+BlocksKit.m */,
				8993A5882425F2E10053F89C /* UIView+BlocksKit.h */,
				8993A5872425F2E10053F89C /* UIView+BlocksKit.m */,
				8993A5842425F2D80053F89C /* UIGestureRecognizer+BlocksKit.h */,
				8993A5852425F2D80053F89C /* UIGestureRecognizer+BlocksKit.m */,
				8993A5812425F0AF0053F89C /* UIView+Ges.h */,
				8993A5822425F0AF0053F89C /* UIView+Ges.m */,
				8993A5A024285C240053F89C /* UIView+Associate.h */,
				8993A5A124285C240053F89C /* UIView+Associate.m */,
			);
			path = Common;
			sourceTree = "<group>";
		};
		6D51EAA82421ACFB00A233E0 /* VM */ = {
			isa = PBXGroup;
			children = (
				6D51EAB02421AD9300A233E0 /* LTBusHomeVM.h */,
				6D51EAB12421AD9300A233E0 /* LTBusHomeVM.m */,
			);
			path = VM;
			sourceTree = "<group>";
		};
		6D51EAB32421ADA600A233E0 /* Api */ = {
			isa = PBXGroup;
			children = (
			);
			path = Api;
			sourceTree = "<group>";
		};
		892F54B9248E05DD008A1928 /* Test */ = {
			isa = PBXGroup;
			children = (
			);
			path = Test;
			sourceTree = "<group>";
		};
		8980D2942421041300C74FB8 /* Module */ = {
			isa = PBXGroup;
			children = (
				8993A58D242603BD0053F89C /* Base */,
				8980D2952421044100C74FB8 /* Bus */,
			);
			path = Module;
			sourceTree = "<group>";
		};
		8980D2952421044100C74FB8 /* Bus */ = {
			isa = PBXGroup;
			children = (
				6D51EAB32421ADA600A233E0 /* Api */,
				6D51EAA82421ACFB00A233E0 /* VM */,
				8980D2982421084600C74FB8 /* View */,
				8980D2972421046E00C74FB8 /* Model */,
				8980D2962421046500C74FB8 /* VC */,
			);
			path = Bus;
			sourceTree = "<group>";
		};
		8980D2962421046500C74FB8 /* VC */ = {
			isa = PBXGroup;
			children = (
				8980D2A724210F8500C74FB8 /* TLBusHomeVC.h */,
				8980D2A824210F8500C74FB8 /* TLBusHomeVC.m */,
			);
			path = VC;
			sourceTree = "<group>";
		};
		8980D2972421046E00C74FB8 /* Model */ = {
			isa = PBXGroup;
			children = (
				6D51EAAE2421AD7F00A233E0 /* TLBusLineModel.h */,
				6D51EAAD2421AD7F00A233E0 /* TLBusLineModel.m */,
			);
			path = Model;
			sourceTree = "<group>";
		};
		8980D2982421084600C74FB8 /* View */ = {
			isa = PBXGroup;
			children = (
				8980D2AE242110D800C74FB8 /* TLBusHomeHeader.h */,
				8980D2AF242110D800C74FB8 /* TLBusHomeHeader.m */,
				8980D2B824211A1E00C74FB8 /* TLBusHomeHeaderItem.h */,
				8980D2B924211A1E00C74FB8 /* TLBusHomeHeaderItem.m */,
			);
			path = View;
			sourceTree = "<group>";
		};
		898C850D24AB2D4400F0706E /* KVOTest */ = {
			isa = PBXGroup;
			children = (
			);
			path = KVOTest;
			sourceTree = "<group>";
		};
		898C850E24AB2D4900F0706E /* KVCTest */ = {
			isa = PBXGroup;
			children = (
				898C850F24AC613D00F0706E /* KVCTestObject1.h */,
				898C851024AC613D00F0706E /* KVCTestObject1.m */,
			);
			path = KVCTest;
			sourceTree = "<group>";
		};
		898C851524ACB29000F0706E /* JSONModelTest */ = {
			isa = PBXGroup;
			children = (
				898C851624ACB2AC00F0706E /* JsonModelObj1.h */,
				898C851724ACB2AC00F0706E /* JsonModelObj1.m */,
			);
			path = JSONModelTest;
			sourceTree = "<group>";
		};
		8993A58D242603BD0053F89C /* Base */ = {
			isa = PBXGroup;
			children = (
				8993A58E242603E10053F89C /* TLBaseVC.h */,
				8993A58F242603E10053F89C /* TLBaseVC.m */,
			);
			path = Base;
			sourceTree = "<group>";
		};
		8993A5A32428673B0053F89C /* BlocksKit */ = {
			isa = PBXGroup;
			children = (
			);
			path = BlocksKit;
			sourceTree = "<group>";
		};
		8996A23224CAC8E7009D13D3 /* OCBaseTest */ = {
			isa = PBXGroup;
			children = (
				8996A23324CAC920009D13D3 /* OCCopyTest.h */,
				8996A23424CAC920009D13D3 /* OCCopyTest.m */,
			);
			path = OCBaseTest;
			sourceTree = "<group>";
		};
		89D0580624AD8A7600464F11 /* MJExtension */ = {
			isa = PBXGroup;
			children = (
				89D0580724AD8AC000464F11 /* MJExtensionObj1.h */,
				89D0580824AD8AC000464F11 /* MJExtensionObj1.m */,
			);
			path = MJExtension;
			sourceTree = "<group>";
		};
		AE02D2BE6B58265AD4399AA8 /* Pods */ = {
			isa = PBXGroup;
			children = (
				F67A634A227F7CA088AA2560 /* Pods-RacTest_OC.debug.xcconfig */,
				A6A33C69A95972FC23804455 /* Pods-RacTest_OC.release.xcconfig */,
			);
			path = Pods;
			sourceTree = "<group>";
		};
		C6D60A9064DCEB77CC04D437 /* Frameworks */ = {
			isa = PBXGroup;
			children = (
				7DDDEB948B8C2570FE1B8FF0 /* libPods-RacTest_OC.a */,
			);
			name = Frameworks;
			sourceTree = "<group>";
		};
/* End PBXGroup section */

/* Begin PBXNativeTarget section */
		6D51EA7C242073D400A233E0 /* RacTest_OC */ = {
			isa = PBXNativeTarget;
			buildConfigurationList = 6D51EA96242073D900A233E0 /* Build configuration list for PBXNativeTarget "RacTest_OC" */;
			buildPhases = (
				85CCDCBF25214FB5D67F6AA9 /* [CP] Check Pods Manifest.lock */,
				6D51EA79242073D400A233E0 /* Sources */,
				6D51EA7A242073D400A233E0 /* Frameworks */,
				6D51EA7B242073D400A233E0 /* Resources */,
				F4E272195352652ECA62C12A /* [CP] Copy Pods Resources */,
			);
			buildRules = (
			);
			dependencies = (
			);
			name = RacTest_OC;
			productName = RacTest_OC;
			productReference = 6D51EA7D242073D400A233E0 /* RacTest_OC.app */;
			productType = "com.apple.product-type.application";
		};
/* End PBXNativeTarget section */

/* Begin PBXProject section */
		6D51EA75242073D400A233E0 /* Project object */ = {
			isa = PBXProject;
			attributes = {
				LastUpgradeCheck = 1130;
				ORGANIZATIONNAME = "$(PRODUCT_NAME)";
				TargetAttributes = {
					6D51EA7C242073D400A233E0 = {
						CreatedOnToolsVersion = 11.3.1;
					};
				};
			};
			buildConfigurationList = 6D51EA78242073D400A233E0 /* Build configuration list for PBXProject "RacTest_OC" */;
			compatibilityVersion = "Xcode 9.3";
			developmentRegion = en;
			hasScannedForEncodings = 0;
			knownRegions = (
				en,
				Base,
			);
			mainGroup = 6D51EA74242073D400A233E0;
			productRefGroup = 6D51EA7E242073D400A233E0 /* Products */;
			projectDirPath = "";
			projectRoot = "";
			targets = (
				6D51EA7C242073D400A233E0 /* RacTest_OC */,
			);
		};
/* End PBXProject section */

/* Begin PBXResourcesBuildPhase section */
		6D51EA7B242073D400A233E0 /* Resources */ = {
			isa = PBXResourcesBuildPhase;
			buildActionMask = 2147483647;
			files = (
				6D51EA90242073D900A233E0 /* LaunchScreen.storyboard in Resources */,
				6D51EA8D242073D900A233E0 /* Assets.xcassets in Resources */,
				8980D2A624210D8A00C74FB8 /* API.md in Resources */,
			);
			runOnlyForDeploymentPostprocessing = 0;
		};
/* End PBXResourcesBuildPhase section */

/* Begin PBXShellScriptBuildPhase section */
		85CCDCBF25214FB5D67F6AA9 /* [CP] Check Pods Manifest.lock */ = {
			isa = PBXShellScriptBuildPhase;
			buildActionMask = 2147483647;
			files = (
			);
			inputFileListPaths = (
			);
			inputPaths = (
				"${PODS_PODFILE_DIR_PATH}/Podfile.lock",
				"${PODS_ROOT}/Manifest.lock",
			);
			name = "[CP] Check Pods Manifest.lock";
			outputFileListPaths = (
			);
			outputPaths = (
				"$(DERIVED_FILE_DIR)/Pods-RacTest_OC-checkManifestLockResult.txt",
			);
			runOnlyForDeploymentPostprocessing = 0;
			shellPath = /bin/sh;
			shellScript = "diff \"${PODS_PODFILE_DIR_PATH}/Podfile.lock\" \"${PODS_ROOT}/Manifest.lock\" > /dev/null\nif [ $? != 0 ] ; then\n    # print error to STDERR\n    echo \"error: The sandbox is not in sync with the Podfile.lock. Run 'pod install' or update your CocoaPods installation.\" >&2\n    exit 1\nfi\n# This output is used by Xcode 'outputs' to avoid re-running this script phase.\necho \"SUCCESS\" > \"${SCRIPT_OUTPUT_FILE_0}\"\n";
			showEnvVarsInLog = 0;
		};
		F4E272195352652ECA62C12A /* [CP] Copy Pods Resources */ = {
			isa = PBXShellScriptBuildPhase;
			buildActionMask = 2147483647;
			files = (
			);
			inputFileListPaths = (
				"${PODS_ROOT}/Target Support Files/Pods-RacTest_OC/Pods-RacTest_OC-resources-${CONFIGURATION}-input-files.xcfilelist",
			);
			name = "[CP] Copy Pods Resources";
			outputFileListPaths = (
				"${PODS_ROOT}/Target Support Files/Pods-RacTest_OC/Pods-RacTest_OC-resources-${CONFIGURATION}-output-files.xcfilelist",
			);
			runOnlyForDeploymentPostprocessing = 0;
			shellPath = /bin/sh;
			shellScript = "\"${PODS_ROOT}/Target Support Files/Pods-RacTest_OC/Pods-RacTest_OC-resources.sh\"\n";
			showEnvVarsInLog = 0;
		};
/* End PBXShellScriptBuildPhase section */

/* Begin PBXSourcesBuildPhase section */
		6D51EA79242073D400A233E0 /* Sources */ = {
			isa = PBXSourcesBuildPhase;
			buildActionMask = 2147483647;
			files = (
				6D51EAAF2421AD7F00A233E0 /* TLBusLineModel.m in Sources */,
				8980D2B0242110D800C74FB8 /* TLBusHomeHeader.m in Sources */,
				8993A5A224285C240053F89C /* UIView+Associate.m in Sources */,
				898C851824ACB2AC00F0706E /* JsonModelObj1.m in Sources */,
				6D51EA82242073D400A233E0 /* AppDelegate.m in Sources */,
				8993A5832425F0AF0053F89C /* UIView+Ges.m in Sources */,
				8993A58C2425F2EA0053F89C /* UIControl+BlocksKit.m in Sources */,
				8993A5862425F2D80053F89C /* UIGestureRecognizer+BlocksKit.m in Sources */,
				8980D2BA24211A1E00C74FB8 /* TLBusHomeHeaderItem.m in Sources */,
				6D51EA93242073D900A233E0 /* main.m in Sources */,
				6D51EAB22421AD9300A233E0 /* LTBusHomeVM.m in Sources */,
				8993A590242603E10053F89C /* TLBaseVC.m in Sources */,
				8996A23524CAC920009D13D3 /* OCCopyTest.m in Sources */,
				89D0580924AD8AC000464F11 /* MJExtensionObj1.m in Sources */,
				898C851124AC613D00F0706E /* KVCTestObject1.m in Sources */,
				8980D2A924210F8500C74FB8 /* TLBusHomeVC.m in Sources */,
				8993A5892425F2E10053F89C /* UIView+BlocksKit.m in Sources */,
			);
			runOnlyForDeploymentPostprocessing = 0;
		};
/* End PBXSourcesBuildPhase section */

/* Begin PBXVariantGroup section */
		6D51EA8E242073D900A233E0 /* LaunchScreen.storyboard */ = {
			isa = PBXVariantGroup;
			children = (
				6D51EA8F242073D900A233E0 /* Base */,
			);
			name = LaunchScreen.storyboard;
			sourceTree = "<group>";
		};
/* End PBXVariantGroup section */

/* Begin XCBuildConfiguration section */
		6D51EA94242073D900A233E0 /* Debug */ = {
			isa = XCBuildConfiguration;
			buildSettings = {
				ALWAYS_SEARCH_USER_PATHS = NO;
				CLANG_ANALYZER_NONNULL = YES;
				CLANG_ANALYZER_NUMBER_OBJECT_CONVERSION = YES_AGGRESSIVE;
				CLANG_CXX_LANGUAGE_STANDARD = "gnu++14";
				CLANG_CXX_LIBRARY = "libc++";
				CLANG_ENABLE_MODULES = YES;
				CLANG_ENABLE_OBJC_ARC = YES;
				CLANG_ENABLE_OBJC_WEAK = YES;
				CLANG_WARN_BLOCK_CAPTURE_AUTORELEASING = YES;
				CLANG_WARN_BOOL_CONVERSION = YES;
				CLANG_WARN_COMMA = YES;
				CLANG_WARN_CONSTANT_CONVERSION = YES;
				CLANG_WARN_DEPRECATED_OBJC_IMPLEMENTATIONS = YES;
				CLANG_WARN_DIRECT_OBJC_ISA_USAGE = YES_ERROR;
				CLANG_WARN_DOCUMENTATION_COMMENTS = YES;
				CLANG_WARN_EMPTY_BODY = YES;
				CLANG_WARN_ENUM_CONVERSION = YES;
				CLANG_WARN_INFINITE_RECURSION = YES;
				CLANG_WARN_INT_CONVERSION = YES;
				CLANG_WARN_NON_LITERAL_NULL_CONVERSION = YES;
				CLANG_WARN_OBJC_IMPLICIT_RETAIN_SELF = YES;
				CLANG_WARN_OBJC_LITERAL_CONVERSION = YES;
				CLANG_WARN_OBJC_ROOT_CLASS = YES_ERROR;
				CLANG_WARN_RANGE_LOOP_ANALYSIS = YES;
				CLANG_WARN_STRICT_PROTOTYPES = YES;
				CLANG_WARN_SUSPICIOUS_MOVE = YES;
				CLANG_WARN_UNGUARDED_AVAILABILITY = YES_AGGRESSIVE;
				CLANG_WARN_UNREACHABLE_CODE = YES;
				CLANG_WARN__DUPLICATE_METHOD_MATCH = YES;
				COPY_PHASE_STRIP = NO;
				DEBUG_INFORMATION_FORMAT = dwarf;
				ENABLE_STRICT_OBJC_MSGSEND = YES;
				ENABLE_TESTABILITY = YES;
				GCC_C_LANGUAGE_STANDARD = gnu11;
				GCC_DYNAMIC_NO_PIC = NO;
				GCC_NO_COMMON_BLOCKS = YES;
				GCC_OPTIMIZATION_LEVEL = 0;
				GCC_PREPROCESSOR_DEFINITIONS = (
					"DEBUG=1",
					"$(inherited)",
				);
				GCC_WARN_64_TO_32_BIT_CONVERSION = YES;
				GCC_WARN_ABOUT_RETURN_TYPE = YES_ERROR;
				GCC_WARN_UNDECLARED_SELECTOR = YES;
				GCC_WARN_UNINITIALIZED_AUTOS = YES_AGGRESSIVE;
				GCC_WARN_UNUSED_FUNCTION = YES;
				GCC_WARN_UNUSED_VARIABLE = YES;
				IPHONEOS_DEPLOYMENT_TARGET = 13.2;
				MTL_ENABLE_DEBUG_INFO = INCLUDE_SOURCE;
				MTL_FAST_MATH = YES;
				ONLY_ACTIVE_ARCH = YES;
				SDKROOT = iphoneos;
			};
			name = Debug;
		};
		6D51EA95242073D900A233E0 /* Release */ = {
			isa = XCBuildConfiguration;
			buildSettings = {
				ALWAYS_SEARCH_USER_PATHS = NO;
				CLANG_ANALYZER_NONNULL = YES;
				CLANG_ANALYZER_NUMBER_OBJECT_CONVERSION = YES_AGGRESSIVE;
				CLANG_CXX_LANGUAGE_STANDARD = "gnu++14";
				CLANG_CXX_LIBRARY = "libc++";
				CLANG_ENABLE_MODULES = YES;
				CLANG_ENABLE_OBJC_ARC = YES;
				CLANG_ENABLE_OBJC_WEAK = YES;
				CLANG_WARN_BLOCK_CAPTURE_AUTORELEASING = YES;
				CLANG_WARN_BOOL_CONVERSION = YES;
				CLANG_WARN_COMMA = YES;
				CLANG_WARN_CONSTANT_CONVERSION = YES;
				CLANG_WARN_DEPRECATED_OBJC_IMPLEMENTATIONS = YES;
				CLANG_WARN_DIRECT_OBJC_ISA_USAGE = YES_ERROR;
				CLANG_WARN_DOCUMENTATION_COMMENTS = YES;
				CLANG_WARN_EMPTY_BODY = YES;
				CLANG_WARN_ENUM_CONVERSION = YES;
				CLANG_WARN_INFINITE_RECURSION = YES;
				CLANG_WARN_INT_CONVERSION = YES;
				CLANG_WARN_NON_LITERAL_NULL_CONVERSION = YES;
				CLANG_WARN_OBJC_IMPLICIT_RETAIN_SELF = YES;
				CLANG_WARN_OBJC_LITERAL_CONVERSION = YES;
				CLANG_WARN_OBJC_ROOT_CLASS = YES_ERROR;
				CLANG_WARN_RANGE_LOOP_ANALYSIS = YES;
				CLANG_WARN_STRICT_PROTOTYPES = YES;
				CLANG_WARN_SUSPICIOUS_MOVE = YES;
				CLANG_WARN_UNGUARDED_AVAILABILITY = YES_AGGRESSIVE;
				CLANG_WARN_UNREACHABLE_CODE = YES;
				CLANG_WARN__DUPLICATE_METHOD_MATCH = YES;
				COPY_PHASE_STRIP = NO;
				DEBUG_INFORMATION_FORMAT = "dwarf-with-dsym";
				ENABLE_NS_ASSERTIONS = NO;
				ENABLE_STRICT_OBJC_MSGSEND = YES;
				GCC_C_LANGUAGE_STANDARD = gnu11;
				GCC_NO_COMMON_BLOCKS = YES;
				GCC_WARN_64_TO_32_BIT_CONVERSION = YES;
				GCC_WARN_ABOUT_RETURN_TYPE = YES_ERROR;
				GCC_WARN_UNDECLARED_SELECTOR = YES;
				GCC_WARN_UNINITIALIZED_AUTOS = YES_AGGRESSIVE;
				GCC_WARN_UNUSED_FUNCTION = YES;
				GCC_WARN_UNUSED_VARIABLE = YES;
				IPHONEOS_DEPLOYMENT_TARGET = 13.2;
				MTL_ENABLE_DEBUG_INFO = NO;
				MTL_FAST_MATH = YES;
				SDKROOT = iphoneos;
				VALIDATE_PRODUCT = YES;
			};
			name = Release;
		};
		6D51EA97242073D900A233E0 /* Debug */ = {
			isa = XCBuildConfiguration;
			baseConfigurationReference = F67A634A227F7CA088AA2560 /* Pods-RacTest_OC.debug.xcconfig */;
			buildSettings = {
				ASSETCATALOG_COMPILER_APPICON_NAME = AppIcon;
				CODE_SIGN_IDENTITY = "Apple Development";
				CODE_SIGN_STYLE = Automatic;
				DEVELOPMENT_TEAM = CV7MH8K7UH;
				GCC_INCREASE_PRECOMPILED_HEADER_SHARING = NO;
				GCC_PREFIX_HEADER = "$(SRCROOT)/PrefixHeader.pch";
				GCC_PREPROCESSOR_DEFINITIONS_NOT_USED_IN_PRECOMPS = "";
				INFOPLIST_FILE = RacTest_OC/Info.plist;
				IPHONEOS_DEPLOYMENT_TARGET = 11.0;
				LD_RUNPATH_SEARCH_PATHS = (
					"$(inherited)",
					"@executable_path/Frameworks",
				);
				PRODUCT_BUNDLE_IDENTIFIER = www.zhuhoulin.com;
				PRODUCT_NAME = "$(TARGET_NAME)";
				PROVISIONING_PROFILE_SPECIFIER = "";
				TARGETED_DEVICE_FAMILY = 1;
			};
			name = Debug;
		};
		6D51EA98242073D900A233E0 /* Release */ = {
			isa = XCBuildConfiguration;
			baseConfigurationReference = A6A33C69A95972FC23804455 /* Pods-RacTest_OC.release.xcconfig */;
			buildSettings = {
				ASSETCATALOG_COMPILER_APPICON_NAME = AppIcon;
				CODE_SIGN_IDENTITY = "Apple Development";
				CODE_SIGN_STYLE = Automatic;
				DEVELOPMENT_TEAM = CV7MH8K7UH;
				GCC_INCREASE_PRECOMPILED_HEADER_SHARING = NO;
				GCC_PREFIX_HEADER = "$(SRCROOT)/PrefixHeader.pch";
				GCC_PREPROCESSOR_DEFINITIONS_NOT_USED_IN_PRECOMPS = "";
				INFOPLIST_FILE = RacTest_OC/Info.plist;
				IPHONEOS_DEPLOYMENT_TARGET = 11.0;
				LD_RUNPATH_SEARCH_PATHS = (
					"$(inherited)",
					"@executable_path/Frameworks",
				);
				PRODUCT_BUNDLE_IDENTIFIER = www.zhuhoulin.com;
				PRODUCT_NAME = "$(TARGET_NAME)";
				PROVISIONING_PROFILE_SPECIFIER = "";
				TARGETED_DEVICE_FAMILY = 1;
			};
			name = Release;
		};
/* End XCBuildConfiguration section */

/* Begin XCConfigurationList section */
		6D51EA78242073D400A233E0 /* Build configuration list for PBXProject "RacTest_OC" */ = {
			isa = XCConfigurationList;
			buildConfigurations = (
				6D51EA94242073D900A233E0 /* Debug */,
				6D51EA95242073D900A233E0 /* Release */,
			);
			defaultConfigurationIsVisible = 0;
			defaultConfigurationName = Release;
		};
		6D51EA96242073D900A233E0 /* Build configuration list for PBXNativeTarget "RacTest_OC" */ = {
			isa = XCConfigurationList;
			buildConfigurations = (
				6D51EA97242073D900A233E0 /* Debug */,
				6D51EA98242073D900A233E0 /* Release */,
			);
			defaultConfigurationIsVisible = 0;
			defaultConfigurationName = Release;
		};
/* End XCConfigurationList section */
	};
	rootObject = 6D51EA75242073D400A233E0 /* Project object */;
}
